// !$*UTF8*$!
{
	archiveVersion = 1;
	classes = {
	};
	objectVersion = 56;
	objects = {

/* Begin PBXBuildFile section */
		76D6C992296C1287004DC869 /* AppDelegate.swift in Sources */ = {isa = PBXBuildFile; fileRef = 76D6C991296C1287004DC869 /* AppDelegate.swift */; };
		76D6C994296C1287004DC869 /* SceneDelegate.swift in Sources */ = {isa = PBXBuildFile; fileRef = 76D6C993296C1287004DC869 /* SceneDelegate.swift */; };
		76D6C996296C1287004DC869 /* ViewController.swift in Sources */ = {isa = PBXBuildFile; fileRef = 76D6C995296C1287004DC869 /* ViewController.swift */; };
		76D6C999296C1287004DC869 /* Main.storyboard in Resources */ = {isa = PBXBuildFile; fileRef = 76D6C997296C1287004DC869 /* Main.storyboard */; };
		76D6C99B296C1288004DC869 /* Assets.xcassets in Resources */ = {isa = PBXBuildFile; fileRef = 76D6C99A296C1288004DC869 /* Assets.xcassets */; };
		76D6C99E296C1288004DC869 /* LaunchScreen.storyboard in Resources */ = {isa = PBXBuildFile; fileRef = 76D6C99C296C1288004DC869 /* LaunchScreen.storyboard */; };
		76D6C9D4296C407F004DC869 /* Spain.png in Resources */ = {isa = PBXBuildFile; fileRef = 76D6C9BC296C407F004DC869 /* Spain.png */; };
		76D6C9D5296C407F004DC869 /* Nigeria.png in Resources */ = {isa = PBXBuildFile; fileRef = 76D6C9BD296C407F004DC869 /* Nigeria.png */; };
		76D6C9D9296C407F004DC869 /* Ireland.png in Resources */ = {isa = PBXBuildFile; fileRef = 76D6C9C1296C407F004DC869 /* Ireland.png */; };
		76D6C9DB296C407F004DC869 /* Germany.png in Resources */ = {isa = PBXBuildFile; fileRef = 76D6C9C3296C407F004DC869 /* Germany.png */; };
		76D6C9DD296C407F004DC869 /* Italy.png in Resources */ = {isa = PBXBuildFile; fileRef = 76D6C9C5296C407F004DC869 /* Italy.png */; };
		76D6C9DE296C407F004DC869 /* Poland.png in Resources */ = {isa = PBXBuildFile; fileRef = 76D6C9C6296C407F004DC869 /* Poland.png */; };
		76D6C9DF296C407F004DC869 /* Russia.png in Resources */ = {isa = PBXBuildFile; fileRef = 76D6C9C7296C407F004DC869 /* Russia.png */; };
		76D6C9E0296C407F004DC869 /* Estonia.png in Resources */ = {isa = PBXBuildFile; fileRef = 76D6C9C8296C407F004DC869 /* Estonia.png */; };
		76D6C9E7296C407F004DC869 /* Monaco.png in Resources */ = {isa = PBXBuildFile; fileRef = 76D6C9CF296C407F004DC869 /* Monaco.png */; };
		76D6C9E9296C407F004DC869 /* France.png in Resources */ = {isa = PBXBuildFile; fileRef = 76D6C9D1296C407F004DC869 /* France.png */; };
		76D6C9EA296C407F004DC869 /* US.png in Resources */ = {isa = PBXBuildFile; fileRef = 76D6C9D2296C407F004DC869 /* US.png */; };
		76D6C9EB296C407F004DC869 /* UK.png in Resources */ = {isa = PBXBuildFile; fileRef = 76D6C9D3296C407F004DC869 /* UK.png */; };
		76D6C9ED296C42F9004DC869 /* DetailViewController.swift in Sources */ = {isa = PBXBuildFile; fileRef = 76D6C9EC296C42F9004DC869 /* DetailViewController.swift */; };
		76D6C9EF296C53FC004DC869 /* Extensions.swift in Sources */ = {isa = PBXBuildFile; fileRef = 76D6C9EE296C53FC004DC869 /* Extensions.swift */; };
/* End PBXBuildFile section */

/* Begin PBXFileReference section */
		76D6C98E296C1287004DC869 /* Social Media.app */ = {isa = PBXFileReference; explicitFileType = wrapper.application; includeInIndex = 0; path = "Social Media.app"; sourceTree = BUILT_PRODUCTS_DIR; };
		76D6C991296C1287004DC869 /* AppDelegate.swift */ = {isa = PBXFileReference; lastKnownFileType = sourcecode.swift; path = AppDelegate.swift; sourceTree = "<group>"; };
		76D6C993296C1287004DC869 /* SceneDelegate.swift */ = {isa = PBXFileReference; lastKnownFileType = sourcecode.swift; path = SceneDelegate.swift; sourceTree = "<group>"; };
		76D6C995296C1287004DC869 /* ViewController.swift */ = {isa = PBXFileReference; lastKnownFileType = sourcecode.swift; path = ViewController.swift; sourceTree = "<group>"; };
		76D6C998296C1287004DC869 /* Base */ = {isa = PBXFileReference; lastKnownFileType = file.storyboard; name = Base; path = Base.lproj/Main.storyboard; sourceTree = "<group>"; };
		76D6C99A296C1288004DC869 /* Assets.xcassets */ = {isa = PBXFileReference; lastKnownFileType = folder.assetcatalog; path = Assets.xcassets; sourceTree = "<group>"; };
		76D6C99D296C1288004DC869 /* Base */ = {isa = PBXFileReference; lastKnownFileType = file.storyboard; name = Base; path = Base.lproj/LaunchScreen.storyboard; sourceTree = "<group>"; };
		76D6C99F296C1288004DC869 /* Info.plist */ = {isa = PBXFileReference; lastKnownFileType = text.plist.xml; path = Info.plist; sourceTree = "<group>"; };
		76D6C9BC296C407F004DC869 /* Spain.png */ = {isa = PBXFileReference; lastKnownFileType = image.png; path = Spain.png; sourceTree = "<group>"; };
		76D6C9BD296C407F004DC869 /* Nigeria.png */ = {isa = PBXFileReference; lastKnownFileType = image.png; path = Nigeria.png; sourceTree = "<group>"; };
		76D6C9C1296C407F004DC869 /* Ireland.png */ = {isa = PBXFileReference; lastKnownFileType = image.png; path = Ireland.png; sourceTree = "<group>"; };
		76D6C9C3296C407F004DC869 /* Germany.png */ = {isa = PBXFileReference; lastKnownFileType = image.png; path = Germany.png; sourceTree = "<group>"; };
		76D6C9C5296C407F004DC869 /* Italy.png */ = {isa = PBXFileReference; lastKnownFileType = image.png; path = Italy.png; sourceTree = "<group>"; };
		76D6C9C6296C407F004DC869 /* Poland.png */ = {isa = PBXFileReference; lastKnownFileType = image.png; path = Poland.png; sourceTree = "<group>"; };
		76D6C9C7296C407F004DC869 /* Russia.png */ = {isa = PBXFileReference; lastKnownFileType = image.png; path = Russia.png; sourceTree = "<group>"; };
		76D6C9C8296C407F004DC869 /* Estonia.png */ = {isa = PBXFileReference; lastKnownFileType = image.png; path = Estonia.png; sourceTree = "<group>"; };
		76D6C9CF296C407F004DC869 /* Monaco.png */ = {isa = PBXFileReference; lastKnownFileType = image.png; path = Monaco.png; sourceTree = "<group>"; };
		76D6C9D1296C407F004DC869 /* France.png */ = {isa = PBXFileReference; lastKnownFileType = image.png; path = France.png; sourceTree = "<group>"; };
		76D6C9D2296C407F004DC869 /* US.png */ = {isa = PBXFileReference; lastKnownFileType = image.png; path = US.png; sourceTree = "<group>"; };
		76D6C9D3296C407F004DC869 /* UK.png */ = {isa = PBXFileReference; lastKnownFileType = image.png; path = UK.png; sourceTree = "<group>"; };
		76D6C9EC296C42F9004DC869 /* DetailViewController.swift */ = {isa = PBXFileReference; lastKnownFileType = sourcecode.swift; path = DetailViewController.swift; sourceTree = "<group>"; };
		76D6C9EE296C53FC004DC869 /* Extensions.swift */ = {isa = PBXFileReference; lastKnownFileType = sourcecode.swift; path = Extensions.swift; sourceTree = "<group>"; };
/* End PBXFileReference section */

/* Begin PBXFrameworksBuildPhase section */
		76D6C98B296C1287004DC869 /* Frameworks */ = {
			isa = PBXFrameworksBuildPhase;
			buildActionMask = 2147483647;
			files = (
			);
			runOnlyForDeploymentPostprocessing = 0;
		};
/* End PBXFrameworksBuildPhase section */

/* Begin PBXGroup section */
		76D6C985296C1287004DC869 = {
			isa = PBXGroup;
			children = (
				76D6C990296C1287004DC869 /* Social Media */,
				76D6C98F296C1287004DC869 /* Products */,
			);
			sourceTree = "<group>";
		};
		76D6C98F296C1287004DC869 /* Products */ = {
			isa = PBXGroup;
			children = (
				76D6C98E296C1287004DC869 /* Social Media.app */,
			);
			name = Products;
			sourceTree = "<group>";
		};
		76D6C990296C1287004DC869 /* Social Media */ = {
			isa = PBXGroup;
			children = (
				76D6C991296C1287004DC869 /* AppDelegate.swift */,
				76D6C9EC296C42F9004DC869 /* DetailViewController.swift */,
				76D6C993296C1287004DC869 /* SceneDelegate.swift */,
				76D6C995296C1287004DC869 /* ViewController.swift */,
				76D6C997296C1287004DC869 /* Main.storyboard */,
				76D6C99A296C1288004DC869 /* Assets.xcassets */,
				76D6C99C296C1288004DC869 /* LaunchScreen.storyboard */,
				76D6C99F296C1288004DC869 /* Info.plist */,
				76D6C9BB296C407F004DC869 /* Content */,
				76D6C9EE296C53FC004DC869 /* Extensions.swift */,
			);
			path = "Social Media";
			sourceTree = "<group>";
		};
		76D6C9BB296C407F004DC869 /* Content */ = {
			isa = PBXGroup;
			children = (
				76D6C9BC296C407F004DC869 /* Spain.png */,
				76D6C9BD296C407F004DC869 /* Nigeria.png */,
				76D6C9C1296C407F004DC869 /* Ireland.png */,
				76D6C9C3296C407F004DC869 /* Germany.png */,
				76D6C9C5296C407F004DC869 /* Italy.png */,
				76D6C9C6296C407F004DC869 /* Poland.png */,
				76D6C9C7296C407F004DC869 /* Russia.png */,
				76D6C9C8296C407F004DC869 /* Estonia.png */,
				76D6C9CF296C407F004DC869 /* Monaco.png */,
				76D6C9D1296C407F004DC869 /* France.png */,
				76D6C9D2296C407F004DC869 /* US.png */,
				76D6C9D3296C407F004DC869 /* UK.png */,
			);
			path = Content;
			sourceTree = "<group>";
		};
/* End PBXGroup section */

/* Begin PBXNativeTarget section */
		76D6C98D296C1287004DC869 /* Social Media */ = {
			isa = PBXNativeTarget;
			buildConfigurationList = 76D6C9A2296C1288004DC869 /* Build configuration list for PBXNativeTarget "Social Media" */;
			buildPhases = (
				76D6C98A296C1287004DC869 /* Sources */,
				76D6C98B296C1287004DC869 /* Frameworks */,
				76D6C98C296C1287004DC869 /* Resources */,
			);
			buildRules = (
			);
			dependencies = (
			);
			name = "Social Media";
			productName = "Social Media";
			productReference = 76D6C98E296C1287004DC869 /* Social Media.app */;
			productType = "com.apple.product-type.application";
		};
/* End PBXNativeTarget section */

/* Begin PBXProject section */
		76D6C986296C1287004DC869 /* Project object */ = {
			isa = PBXProject;
			attributes = {
				BuildIndependentTargetsInParallel = 1;
				LastSwiftUpdateCheck = 1410;
				LastUpgradeCheck = 1410;
				TargetAttributes = {
					76D6C98D296C1287004DC869 = {
						CreatedOnToolsVersion = 14.1;
					};
				};
			};
			buildConfigurationList = 76D6C989296C1287004DC869 /* Build configuration list for PBXProject "Social Media" */;
			compatibilityVersion = "Xcode 14.0";
			developmentRegion = en;
			hasScannedForEncodings = 0;
			knownRegions = (
				en,
				Base,
			);
			mainGroup = 76D6C985296C1287004DC869;
			productRefGroup = 76D6C98F296C1287004DC869 /* Products */;
			projectDirPath = "";
			projectRoot = "";
			targets = (
				76D6C98D296C1287004DC869 /* Social Media */,
			);
		};
/* End PBXProject section */

/* Begin PBXResourcesBuildPhase section */
		76D6C98C296C1287004DC869 /* Resources */ = {
			isa = PBXResourcesBuildPhase;
			buildActionMask = 2147483647;
			files = (
				76D6C9D5296C407F004DC869 /* Nigeria.png in Resources */,
				76D6C9EA296C407F004DC869 /* US.png in Resources */,
				76D6C9E9296C407F004DC869 /* France.png in Resources */,
				76D6C9DD296C407F004DC869 /* Italy.png in Resources */,
				76D6C9D4296C407F004DC869 /* Spain.png in Resources */,
				76D6C99E296C1288004DC869 /* LaunchScreen.storyboard in Resources */,
				76D6C9DE296C407F004DC869 /* Poland.png in Resources */,
				76D6C99B296C1288004DC869 /* Assets.xcassets in Resources */,
				76D6C9E7296C407F004DC869 /* Monaco.png in Resources */,
				76D6C999296C1287004DC869 /* Main.storyboard in Resources */,
				76D6C9D9296C407F004DC869 /* Ireland.png in Resources */,
				76D6C9DB296C407F004DC869 /* Germany.png in Resources */,
				76D6C9DF296C407F004DC869 /* Russia.png in Resources */,
				76D6C9E0296C407F004DC869 /* Estonia.png in Resources */,
				76D6C9EB296C407F004DC869 /* UK.png in Resources */,
			);
			runOnlyForDeploymentPostprocessing = 0;
		};
/* End PBXResourcesBuildPhase section */

/* Begin PBXSourcesBuildPhase section */
		76D6C98A296C1287004DC869 /* Sources */ = {
			isa = PBXSourcesBuildPhase;
			buildActionMask = 2147483647;
			files = (
				76D6C9EF296C53FC004DC869 /* Extensions.swift in Sources */,
				76D6C996296C1287004DC869 /* ViewController.swift in Sources */,
				76D6C992296C1287004DC869 /* AppDelegate.swift in Sources */,
				76D6C994296C1287004DC869 /* SceneDelegate.swift in Sources */,
				76D6C9ED296C42F9004DC869 /* DetailViewController.swift in Sources */,
			);
			runOnlyForDeploymentPostprocessing = 0;
		};
/* End PBXSourcesBuildPhase section */

/* Begin PBXVariantGroup section */
		76D6C997296C1287004DC869 /* Main.storyboard */ = {
			isa = PBXVariantGroup;
			children = (
				76D6C998296C1287004DC869 /* Base */,
			);
			name = Main.storyboard;
			sourceTree = "<group>";
		};
		76D6C99C296C1288004DC869 /* LaunchScreen.storyboard */ = {
			isa = PBXVariantGroup;
			children = (
				76D6C99D296C1288004DC869 /* Base */,
			);
			name = LaunchScreen.storyboard;
			sourceTree = "<group>";
		};
/* End PBXVariantGroup section */

/* Begin XCBuildConfiguration section */
		76D6C9A0296C1288004DC869 /* Debug */ = {
			isa = XCBuildConfiguration;
			buildSettings = {
				ALWAYS_SEARCH_USER_PATHS = NO;
				CLANG_ANALYZER_NONNULL = YES;
				CLANG_ANALYZER_NUMBER_OBJECT_CONVERSION = YES_AGGRESSIVE;
				CLANG_CXX_LANGUAGE_STANDARD = "gnu++20";
				CLANG_ENABLE_MODULES = YES;
				CLANG_ENABLE_OBJC_ARC = YES;
				CLANG_ENABLE_OBJC_WEAK = YES;
				CLANG_WARN_BLOCK_CAPTURE_AUTORELEASING = YES;
				CLANG_WARN_BOOL_CONVERSION = YES;
				CLANG_WARN_COMMA = YES;
				CLANG_WARN_CONSTANT_CONVERSION = YES;
				CLANG_WARN_DEPRECATED_OBJC_IMPLEMENTATIONS = YES;
				CLANG_WARN_DIRECT_OBJC_ISA_USAGE = YES_ERROR;
				CLANG_WARN_DOCUMENTATION_COMMENTS = YES;
				CLANG_WARN_EMPTY_BODY = YES;
				CLANG_WARN_ENUM_CONVERSION = YES;
				CLANG_WARN_INFINITE_RECURSION = YES;
				CLANG_WARN_INT_CONVERSION = YES;
				CLANG_WARN_NON_LITERAL_NULL_CONVERSION = YES;
				CLANG_WARN_OBJC_IMPLICIT_RETAIN_SELF = YES;
				CLANG_WARN_OBJC_LITERAL_CONVERSION = YES;
				CLANG_WARN_OBJC_ROOT_CLASS = YES_ERROR;
				CLANG_WARN_QUOTED_INCLUDE_IN_FRAMEWORK_HEADER = YES;
				CLANG_WARN_RANGE_LOOP_ANALYSIS = YES;
				CLANG_WARN_STRICT_PROTOTYPES = YES;
				CLANG_WARN_SUSPICIOUS_MOVE = YES;
				CLANG_WARN_UNGUARDED_AVAILABILITY = YES_AGGRESSIVE;
				CLANG_WARN_UNREACHABLE_CODE = YES;
				CLANG_WARN__DUPLICATE_METHOD_MATCH = YES;
				COPY_PHASE_STRIP = NO;
				DEBUG_INFORMATION_FORMAT = dwarf;
				ENABLE_STRICT_OBJC_MSGSEND = YES;
				ENABLE_TESTABILITY = YES;
				GCC_C_LANGUAGE_STANDARD = gnu11;
				GCC_DYNAMIC_NO_PIC = NO;
				GCC_NO_COMMON_BLOCKS = YES;
				GCC_OPTIMIZATION_LEVEL = 0;
				GCC_PREPROCESSOR_DEFINITIONS = (
					"DEBUG=1",
					"$(inherited)",
				);
				GCC_WARN_64_TO_32_BIT_CONVERSION = YES;
				GCC_WARN_ABOUT_RETURN_TYPE = YES_ERROR;
				GCC_WARN_UNDECLARED_SELECTOR = YES;
				GCC_WARN_UNINITIALIZED_AUTOS = YES_AGGRESSIVE;
				GCC_WARN_UNUSED_FUNCTION = YES;
				GCC_WARN_UNUSED_VARIABLE = YES;
				IPHONEOS_DEPLOYMENT_TARGET = 16.1;
				MTL_ENABLE_DEBUG_INFO = INCLUDE_SOURCE;
				MTL_FAST_MATH = YES;
				ONLY_ACTIVE_ARCH = YES;
				SDKROOT = iphoneos;
				SWIFT_ACTIVE_COMPILATION_CONDITIONS = DEBUG;
				SWIFT_OPTIMIZATION_LEVEL = "-Onone";
			};
			name = Debug;
		};
		76D6C9A1296C1288004DC869 /* Release */ = {
			isa = XCBuildConfiguration;
			buildSettings = {
				ALWAYS_SEARCH_USER_PATHS = NO;
				CLANG_ANALYZER_NONNULL = YES;
				CLANG_ANALYZER_NUMBER_OBJECT_CONVERSION = YES_AGGRESSIVE;
				CLANG_CXX_LANGUAGE_STANDARD = "gnu++20";
				CLANG_ENABLE_MODULES = YES;
				CLANG_ENABLE_OBJC_ARC = YES;
				CLANG_ENABLE_OBJC_WEAK = YES;
				CLANG_WARN_BLOCK_CAPTURE_AUTORELEASING = YES;
				CLANG_WARN_BOOL_CONVERSION = YES;
				CLANG_WARN_COMMA = YES;
				CLANG_WARN_CONSTANT_CONVERSION = YES;
				CLANG_WARN_DEPRECATED_OBJC_IMPLEMENTATIONS = YES;
				CLANG_WARN_DIRECT_OBJC_ISA_USAGE = YES_ERROR;
				CLANG_WARN_DOCUMENTATION_COMMENTS = YES;
				CLANG_WARN_EMPTY_BODY = YES;
				CLANG_WARN_ENUM_CONVERSION = YES;
				CLANG_WARN_INFINITE_RECURSION = YES;
				CLANG_WARN_INT_CONVERSION = YES;
				CLANG_WARN_NON_LITERAL_NULL_CONVERSION = YES;
				CLANG_WARN_OBJC_IMPLICIT_RETAIN_SELF = YES;
				CLANG_WARN_OBJC_LITERAL_CONVERSION = YES;
				CLANG_WARN_OBJC_ROOT_CLASS = YES_ERROR;
				CLANG_WARN_QUOTED_INCLUDE_IN_FRAMEWORK_HEADER = YES;
				CLANG_WARN_RANGE_LOOP_ANALYSIS = YES;
				CLANG_WARN_STRICT_PROTOTYPES = YES;
				CLANG_WARN_SUSPICIOUS_MOVE = YES;
				CLANG_WARN_UNGUARDED_AVAILABILITY = YES_AGGRESSIVE;
				CLANG_WARN_UNREACHABLE_CODE = YES;
				CLANG_WARN__DUPLICATE_METHOD_MATCH = YES;
				COPY_PHASE_STRIP = NO;
				DEBUG_INFORMATION_FORMAT = "dwarf-with-dsym";
				ENABLE_NS_ASSERTIONS = NO;
				ENABLE_STRICT_OBJC_MSGSEND = YES;
				GCC_C_LANGUAGE_STANDARD = gnu11;
				GCC_NO_COMMON_BLOCKS = YES;
				GCC_WARN_64_TO_32_BIT_CONVERSION = YES;
				GCC_WARN_ABOUT_RETURN_TYPE = YES_ERROR;
				GCC_WARN_UNDECLARED_SELECTOR = YES;
				GCC_WARN_UNINITIALIZED_AUTOS = YES_AGGRESSIVE;
				GCC_WARN_UNUSED_FUNCTION = YES;
				GCC_WARN_UNUSED_VARIABLE = YES;
				IPHONEOS_DEPLOYMENT_TARGET = 16.1;
				MTL_ENABLE_DEBUG_INFO = NO;
				MTL_FAST_MATH = YES;
				SDKROOT = iphoneos;
				SWIFT_COMPILATION_MODE = wholemodule;
				SWIFT_OPTIMIZATION_LEVEL = "-O";
				VALIDATE_PRODUCT = YES;
			};
			name = Release;
		};
		76D6C9A3296C1288004DC869 /* Debug */ = {
			isa = XCBuildConfiguration;
			buildSettings = {
				ASSETCATALOG_COMPILER_APPICON_NAME = AppIcon;
				ASSETCATALOG_COMPILER_GLOBAL_ACCENT_COLOR_NAME = AccentColor;
				CODE_SIGN_STYLE = Automatic;
				CURRENT_PROJECT_VERSION = 1;
				DEVELOPMENT_TEAM = FCV28MBG99;
				GENERATE_INFOPLIST_FILE = YES;
				INFOPLIST_FILE = "Social Media/Info.plist";
				INFOPLIST_KEY_UIApplicationSupportsIndirectInputEvents = YES;
				INFOPLIST_KEY_UILaunchStoryboardName = LaunchScreen;
				INFOPLIST_KEY_UIMainStoryboardFile = Main;
				INFOPLIST_KEY_UISupportedInterfaceOrientations_iPad = "UIInterfaceOrientationPortrait UIInterfaceOrientationPortraitUpsideDown UIInterfaceOrientationLandscapeLeft UIInterfaceOrientationLandscapeRight";
				INFOPLIST_KEY_UISupportedInterfaceOrientations_iPhone = "UIInterfaceOrientationPortrait UIInterfaceOrientationLandscapeLeft UIInterfaceOrientationLandscapeRight";
				LD_RUNPATH_SEARCH_PATHS = (
					"$(inherited)",
					"@executable_path/Frameworks",
				);
				MARKETING_VERSION = 1.0;
				PRODUCT_BUNDLE_IDENTIFIER = "camelia.Social-Media";
				PRODUCT_NAME = "$(TARGET_NAME)";
				SWIFT_EMIT_LOC_STRINGS = YES;
				SWIFT_VERSION = 5.0;
				TARGETED_DEVICE_FAMILY = "1,2";
			};
			name = Debug;
		};
		76D6C9A4296C1288004DC869 /* Release */ = {
			isa = XCBuildConfiguration;
			buildSettings = {
				ASSETCATALOG_COMPILER_APPICON_NAME = AppIcon;
				ASSETCATALOG_COMPILER_GLOBAL_ACCENT_COLOR_NAME = AccentColor;
				CODE_SIGN_STYLE = Automatic;
				CURRENT_PROJECT_VERSION = 1;
				DEVELOPMENT_TEAM = FCV28MBG99;
				GENERATE_INFOPLIST_FILE = YES;
				INFOPLIST_FILE = "Social Media/Info.plist";
				INFOPLIST_KEY_UIApplicationSupportsIndirectInputEvents = YES;
				INFOPLIST_KEY_UILaunchStoryboardName = LaunchScreen;
				INFOPLIST_KEY_UIMainStoryboardFile = Main;
				INFOPLIST_KEY_UISupportedInterfaceOrientations_iPad = "UIInterfaceOrientationPortrait UIInterfaceOrientationPortraitUpsideDown UIInterfaceOrientationLandscapeLeft UIInterfaceOrientationLandscapeRight";
				INFOPLIST_KEY_UISupportedInterfaceOrientations_iPhone = "UIInterfaceOrientationPortrait UIInterfaceOrientationLandscapeLeft UIInterfaceOrientationLandscapeRight";
				LD_RUNPATH_SEARCH_PATHS = (
					"$(inherited)",
					"@executable_path/Frameworks",
				);
				MARKETING_VERSION = 1.0;
				PRODUCT_BUNDLE_IDENTIFIER = "camelia.Social-Media";
				PRODUCT_NAME = "$(TARGET_NAME)";
				SWIFT_EMIT_LOC_STRINGS = YES;
				SWIFT_VERSION = 5.0;
				TARGETED_DEVICE_FAMILY = "1,2";
			};
			name = Release;
		};
/* End XCBuildConfiguration section */

/* Begin XCConfigurationList section */
		76D6C989296C1287004DC869 /* Build configuration list for PBXProject "Social Media" */ = {
			isa = XCConfigurationList;
			buildConfigurations = (
				76D6C9A0296C1288004DC869 /* Debug */,
				76D6C9A1296C1288004DC869 /* Release */,
			);
			defaultConfigurationIsVisible = 0;
			defaultConfigurationName = Release;
		};
		76D6C9A2296C1288004DC869 /* Build configuration list for PBXNativeTarget "Social Media" */ = {
			isa = XCConfigurationList;
			buildConfigurations = (
				76D6C9A3296C1288004DC869 /* Debug */,
				76D6C9A4296C1288004DC869 /* Release */,
			);
			defaultConfigurationIsVisible = 0;
			defaultConfigurationName = Release;
		};
/* End XCConfigurationList section */
	};
	rootObject = 76D6C986296C1287004DC869 /* Project object */;
}
